<Solution>
  <Folder Name="/Solution Items/">
    <File Path=".config/dotnet-tools.json" />
    <File Path=".gitattributes" />
    <File Path=".gitignore" />
    <File Path="build" />
    <File Path="build.cake" />
    <File Path="build.cmd" />
    <File Path="build.ps1" />
    <File Path="build.sh" />
    <File Path="NuGet.config" />
    <File Path="src/Directory.Build.props" />
    <File Path="src/Directory.Packages.props" />
    <File Path="src/Nullable.props" />
  </Folder>
  <Folder Name="/Solution Items/.config/">
    <File Path=".config/dotnet-tools.json" />
  </Folder>
  <Folder Name="/Solution Items/.github/" />
  <Folder Name="/Solution Items/.github/workflows/">
    <File Path=".github/workflows/NUnit.Agent.Core.CI.yml" />
  </Folder>
  <Project Path="src/mock-assembly/mock-assembly.csproj" />
  <Project Path="src/nunit.agent.core.tests/nunit.agent.core.tests.csproj" />
  <Project Path="src/nunit.agent.core/nunit.agent.core.csproj" />
  <Project Path="src/PackageTestRunner/PackageTestRunner.csproj" Id="e2f44187-fe58-47a9-83bf-fb7e3b3cf8cf" />
</Solution>
